// !$*UTF8*$!
{
	archiveVersion = 1;
	classes = {
	};
	objectVersion = 46;
	objects = {

/* Begin PBXBuildFile section */
		DF47F9EC1E7A5D8700B84303 /* AppDelegate.swift in Sources */ = {isa = PBXBuildFile; fileRef = DF47F9EB1E7A5D8700B84303 /* AppDelegate.swift */; };
		DF47F9EE1E7A5D8700B84303 /* ViewController.swift in Sources */ = {isa = PBXBuildFile; fileRef = DF47F9ED1E7A5D8700B84303 /* ViewController.swift */; };
		DF47F9F11E7A5D8700B84303 /* Main.storyboard in Resources */ = {isa = PBXBuildFile; fileRef = DF47F9EF1E7A5D8700B84303 /* Main.storyboard */; };
		DF47F9F41E7A5D8800B84303 /* GiantBomb.xcdatamodeld in Sources */ = {isa = PBXBuildFile; fileRef = DF47F9F21E7A5D8700B84303 /* GiantBomb.xcdatamodeld */; };
		DF47F9F61E7A5D8800B84303 /* Assets.xcassets in Resources */ = {isa = PBXBuildFile; fileRef = DF47F9F51E7A5D8800B84303 /* Assets.xcassets */; };
		DF47F9F91E7A5D8800B84303 /* LaunchScreen.storyboard in Resources */ = {isa = PBXBuildFile; fileRef = DF47F9F71E7A5D8800B84303 /* LaunchScreen.storyboard */; };
/* End PBXBuildFile section */

/* Begin PBXFileReference section */
		DF47F9E81E7A5D8700B84303 /* GiantBomb.app */ = {isa = PBXFileReference; explicitFileType = wrapper.application; includeInIndex = 0; path = GiantBomb.app; sourceTree = BUILT_PRODUCTS_DIR; };
		DF47F9EB1E7A5D8700B84303 /* AppDelegate.swift */ = {isa = PBXFileReference; lastKnownFileType = sourcecode.swift; path = AppDelegate.swift; sourceTree = "<group>"; };
		DF47F9ED1E7A5D8700B84303 /* ViewController.swift */ = {isa = PBXFileReference; lastKnownFileType = sourcecode.swift; path = ViewController.swift; sourceTree = "<group>"; };
		DF47F9F01E7A5D8700B84303 /* Base */ = {isa = PBXFileReference; lastKnownFileType = file.storyboard; name = Base; path = Base.lproj/Main.storyboard; sourceTree = "<group>"; };
		DF47F9F31E7A5D8700B84303 /* GiantBomb.xcdatamodel */ = {isa = PBXFileReference; lastKnownFileType = wrapper.xcdatamodel; path = GiantBomb.xcdatamodel; sourceTree = "<group>"; };
		DF47F9F51E7A5D8800B84303 /* Assets.xcassets */ = {isa = PBXFileReference; lastKnownFileType = folder.assetcatalog; path = Assets.xcassets; sourceTree = "<group>"; };
		DF47F9F81E7A5D8800B84303 /* Base */ = {isa = PBXFileReference; lastKnownFileType = file.storyboard; name = Base; path = Base.lproj/LaunchScreen.storyboard; sourceTree = "<group>"; };
		DF47F9FA1E7A5D8800B84303 /* Info.plist */ = {isa = PBXFileReference; lastKnownFileType = text.plist.xml; path = Info.plist; sourceTree = "<group>"; };
/* End PBXFileReference section */

/* Begin PBXFrameworksBuildPhase section */
		DF47F9E51E7A5D8700B84303 /* Frameworks */ = {
			isa = PBXFrameworksBuildPhase;
			buildActionMask = 2147483647;
			files = (
			);
			runOnlyForDeploymentPostprocessing = 0;
		};
/* End PBXFrameworksBuildPhase section */

/* Begin PBXGroup section */
		DF47F9DF1E7A5D8600B84303 = {
			isa = PBXGroup;
			children = (
				DF47F9EA1E7A5D8700B84303 /* GiantBomb */,
				DF47F9E91E7A5D8700B84303 /* Products */,
			);
			sourceTree = "<group>";
		};
		DF47F9E91E7A5D8700B84303 /* Products */ = {
			isa = PBXGroup;
			children = (
				DF47F9E81E7A5D8700B84303 /* GiantBomb.app */,
			);
			name = Products;
			sourceTree = "<group>";
		};
		DF47F9EA1E7A5D8700B84303 /* GiantBomb */ = {
			isa = PBXGroup;
			children = (
				DF47F9EB1E7A5D8700B84303 /* AppDelegate.swift */,
				DF47F9ED1E7A5D8700B84303 /* ViewController.swift */,
				DF47F9EF1E7A5D8700B84303 /* Main.storyboard */,
				DF47F9F51E7A5D8800B84303 /* Assets.xcassets */,
				DF47F9F71E7A5D8800B84303 /* LaunchScreen.storyboard */,
				DF47F9FA1E7A5D8800B84303 /* Info.plist */,
				DF47F9F21E7A5D8700B84303 /* GiantBomb.xcdatamodeld */,
			);
			path = GiantBomb;
			sourceTree = "<group>";
		};
/* End PBXGroup section */

/* Begin PBXNativeTarget section */
		DF47F9E71E7A5D8700B84303 /* GiantBomb */ = {
			isa = PBXNativeTarget;
			buildConfigurationList = DF47F9FD1E7A5D8800B84303 /* Build configuration list for PBXNativeTarget "GiantBomb" */;
			buildPhases = (
				DF47F9E41E7A5D8700B84303 /* Sources */,
				DF47F9E51E7A5D8700B84303 /* Frameworks */,
				DF47F9E61E7A5D8700B84303 /* Resources */,
			);
			buildRules = (
			);
			dependencies = (
			);
			name = GiantBomb;
			productName = GiantBomb;
			productReference = DF47F9E81E7A5D8700B84303 /* GiantBomb.app */;
			productType = "com.apple.product-type.application";
		};
/* End PBXNativeTarget section */

/* Begin PBXProject section */
		DF47F9E01E7A5D8700B84303 /* Project object */ = {
			isa = PBXProject;
			attributes = {
				LastSwiftUpdateCheck = 0820;
				LastUpgradeCheck = 0820;
				ORGANIZATIONNAME = "Robert Garza";
				TargetAttributes = {
					DF47F9E71E7A5D8700B84303 = {
						CreatedOnToolsVersion = 8.2.1;
						DevelopmentTeam = PJUDQQF3CQ;
						ProvisioningStyle = Automatic;
					};
				};
			};
			buildConfigurationList = DF47F9E31E7A5D8700B84303 /* Build configuration list for PBXProject "GiantBomb" */;
			compatibilityVersion = "Xcode 3.2";
			developmentRegion = English;
			hasScannedForEncodings = 0;
			knownRegions = (
				en,
				Base,
			);
			mainGroup = DF47F9DF1E7A5D8600B84303;
			productRefGroup = DF47F9E91E7A5D8700B84303 /* Products */;
			projectDirPath = "";
			projectRoot = "";
			targets = (
				DF47F9E71E7A5D8700B84303 /* GiantBomb */,
			);
		};
/* End PBXProject section */

/* Begin PBXResourcesBuildPhase section */
		DF47F9E61E7A5D8700B84303 /* Resources */ = {
			isa = PBXResourcesBuildPhase;
			buildActionMask = 2147483647;
			files = (
				DF47F9F91E7A5D8800B84303 /* LaunchScreen.storyboard in Resources */,
				DF47F9F61E7A5D8800B84303 /* Assets.xcassets in Resources */,
				DF47F9F11E7A5D8700B84303 /* Main.storyboard in Resources */,
			);
			runOnlyForDeploymentPostprocessing = 0;
		};
/* End PBXResourcesBuildPhase section */

/* Begin PBXSourcesBuildPhase section */
		DF47F9E41E7A5D8700B84303 /* Sources */ = {
			isa = PBXSourcesBuildPhase;
			buildActionMask = 2147483647;
			files = (
				DF47F9F41E7A5D8800B84303 /* GiantBomb.xcdatamodeld in Sources */,
				DF47F9EE1E7A5D8700B84303 /* ViewController.swift in Sources */,
				DF47F9EC1E7A5D8700B84303 /* AppDelegate.swift in Sources */,
			);
			runOnlyForDeploymentPostprocessing = 0;
		};
/* End PBXSourcesBuildPhase section */

/* Begin PBXVariantGroup section */
		DF47F9EF1E7A5D8700B84303 /* Main.storyboard */ = {
			isa = PBXVariantGroup;
			children = (
				DF47F9F01E7A5D8700B84303 /* Base */,
			);
			name = Main.storyboard;
			sourceTree = "<group>";
		};
		DF47F9F71E7A5D8800B84303 /* LaunchScreen.storyboard */ = {
			isa = PBXVariantGroup;
			children = (
				DF47F9F81E7A5D8800B84303 /* Base */,
			);
			name = LaunchScreen.storyboard;
			sourceTree = "<group>";
		};
/* End PBXVariantGroup section */

/* Begin XCBuildConfiguration section */
		DF47F9FB1E7A5D8800B84303 /* Debug */ = {
			isa = XCBuildConfiguration;
			buildSettings = {
				ALWAYS_SEARCH_USER_PATHS = NO;
				CLANG_ANALYZER_NONNULL = YES;
				CLANG_CXX_LANGUAGE_STANDARD = "gnu++0x";
				CLANG_CXX_LIBRARY = "libc++";
				CLANG_ENABLE_MODULES = YES;
				CLANG_ENABLE_OBJC_ARC = YES;
				CLANG_WARN_BOOL_CONVERSION = YES;
				CLANG_WARN_CONSTANT_CONVERSION = YES;
				CLANG_WARN_DIRECT_OBJC_ISA_USAGE = YES_ERROR;
				CLANG_WARN_DOCUMENTATION_COMMENTS = YES;
				CLANG_WARN_EMPTY_BODY = YES;
				CLANG_WARN_ENUM_CONVERSION = YES;
				CLANG_WARN_INFINITE_RECURSION = YES;
				CLANG_WARN_INT_CONVERSION = YES;
				CLANG_WARN_OBJC_ROOT_CLASS = YES_ERROR;
				CLANG_WARN_SUSPICIOUS_MOVE = YES;
				CLANG_WARN_UNREACHABLE_CODE = YES;
				CLANG_WARN__DUPLICATE_METHOD_MATCH = YES;
				"CODE_SIGN_IDENTITY[sdk=iphoneos*]" = "iPhone Developer";
				COPY_PHASE_STRIP = NO;
				DEBUG_INFORMATION_FORMAT = dwarf;
				ENABLE_STRICT_OBJC_MSGSEND = YES;
				ENABLE_TESTABILITY = YES;
				GCC_C_LANGUAGE_STANDARD = gnu99;
				GCC_DYNAMIC_NO_PIC = NO;
				GCC_NO_COMMON_BLOCKS = YES;
				GCC_OPTIMIZATION_LEVEL = 0;
				GCC_PREPROCESSOR_DEFINITIONS = (
					"DEBUG=1",
					"$(inherited)",
				);
				GCC_WARN_64_TO_32_BIT_CONVERSION = YES;
				GCC_WARN_ABOUT_RETURN_TYPE = YES_ERROR;
				GCC_WARN_UNDECLARED_SELECTOR = YES;
				GCC_WARN_UNINITIALIZED_AUTOS = YES_AGGRESSIVE;
				GCC_WARN_UNUSED_FUNCTION = YES;
				GCC_WARN_UNUSED_VARIABLE = YES;
				IPHONEOS_DEPLOYMENT_TARGET = 10.2;
				MTL_ENABLE_DEBUG_INFO = YES;
				ONLY_ACTIVE_ARCH = YES;
				SDKROOT = iphoneos;
				SWIFT_ACTIVE_COMPILATION_CONDITIONS = DEBUG;
				SWIFT_OPTIMIZATION_LEVEL = "-Onone";
				TARGETED_DEVICE_FAMILY = "1,2";
			};
			name = Debug;
		};
		DF47F9FC1E7A5D8800B84303 /* Release */ = {
			isa = XCBuildConfiguration;
			buildSettings = {
				ALWAYS_SEARCH_USER_PATHS = NO;
				CLANG_ANALYZER_NONNULL = YES;
				CLANG_CXX_LANGUAGE_STANDARD = "gnu++0x";
				CLANG_CXX_LIBRARY = "libc++";
				CLANG_ENABLE_MODULES = YES;
				CLANG_ENABLE_OBJC_ARC = YES;
				CLANG_WARN_BOOL_CONVERSION = YES;
				CLANG_WARN_CONSTANT_CONVERSION = YES;
				CLANG_WARN_DIRECT_OBJC_ISA_USAGE = YES_ERROR;
				CLANG_WARN_DOCUMENTATION_COMMENTS = YES;
				CLANG_WARN_EMPTY_BODY = YES;
				CLANG_WARN_ENUM_CONVERSION = YES;
				CLANG_WARN_INFINITE_RECURSION = YES;
				CLANG_WARN_INT_CONVERSION = YES;
				CLANG_WARN_OBJC_ROOT_CLASS = YES_ERROR;
				CLANG_WARN_SUSPICIOUS_MOVE = YES;
				CLANG_WARN_UNREACHABLE_CODE = YES;
				CLANG_WARN__DUPLICATE_METHOD_MATCH = YES;
				"CODE_SIGN_IDENTITY[sdk=iphoneos*]" = "iPhone Developer";
				COPY_PHASE_STRIP = NO;
				DEBUG_INFORMATION_FORMAT = "dwarf-with-dsym";
				ENABLE_NS_ASSERTIONS = NO;
				ENABLE_STRICT_OBJC_MSGSEND = YES;
				GCC_C_LANGUAGE_STANDARD = gnu99;
				GCC_NO_COMMON_BLOCKS = YES;
				GCC_WARN_64_TO_32_BIT_CONVERSION = YES;
				GCC_WARN_ABOUT_RETURN_TYPE = YES_ERROR;
				GCC_WARN_UNDECLARED_SELECTOR = YES;
				GCC_WARN_UNINITIALIZED_AUTOS = YES_AGGRESSIVE;
				GCC_WARN_UNUSED_FUNCTION = YES;
				GCC_WARN_UNUSED_VARIABLE = YES;
				IPHONEOS_DEPLOYMENT_TARGET = 10.2;
				MTL_ENABLE_DEBUG_INFO = NO;
				SDKROOT = iphoneos;
				SWIFT_OPTIMIZATION_LEVEL = "-Owholemodule";
				TARGETED_DEVICE_FAMILY = "1,2";
				VALIDATE_PRODUCT = YES;
			};
			name = Release;
		};
		DF47F9FE1E7A5D8800B84303 /* Debug */ = {
			isa = XCBuildConfiguration;
			buildSettings = {
				ASSETCATALOG_COMPILER_APPICON_NAME = AppIcon;
				DEVELOPMENT_TEAM = PJUDQQF3CQ;
				INFOPLIST_FILE = GiantBomb/Info.plist;
				LD_RUNPATH_SEARCH_PATHS = "$(inherited) @executable_path/Frameworks";
				PRODUCT_BUNDLE_IDENTIFIER = ROB.GiantBomb;
				PRODUCT_NAME = "$(TARGET_NAME)";
				SWIFT_VERSION = 3.0;
			};
			name = Debug;
		};
		DF47F9FF1E7A5D8800B84303 /* Release */ = {
			isa = XCBuildConfiguration;
			buildSettings = {
				ASSETCATALOG_COMPILER_APPICON_NAME = AppIcon;
				DEVELOPMENT_TEAM = PJUDQQF3CQ;
				INFOPLIST_FILE = GiantBomb/Info.plist;
				LD_RUNPATH_SEARCH_PATHS = "$(inherited) @executable_path/Frameworks";
				PRODUCT_BUNDLE_IDENTIFIER = ROB.GiantBomb;
				PRODUCT_NAME = "$(TARGET_NAME)";
				SWIFT_VERSION = 3.0;
			};
			name = Release;
		};
/* End XCBuildConfiguration section */

/* Begin XCConfigurationList section */
		DF47F9E31E7A5D8700B84303 /* Build configuration list for PBXProject "GiantBomb" */ = {
			isa = XCConfigurationList;
			buildConfigurations = (
				DF47F9FB1E7A5D8800B84303 /* Debug */,
				DF47F9FC1E7A5D8800B84303 /* Release */,
			);
			defaultConfigurationIsVisible = 0;
			defaultConfigurationName = Release;
		};
		DF47F9FD1E7A5D8800B84303 /* Build configuration list for PBXNativeTarget "GiantBomb" */ = {
			isa = XCConfigurationList;
			buildConfigurations = (
				DF47F9FE1E7A5D8800B84303 /* Debug */,
				DF47F9FF1E7A5D8800B84303 /* Release */,
			);
			defaultConfigurationIsVisible = 0;
		};
/* End XCConfigurationList section */

/* Begin XCVersionGroup section */
		DF47F9F21E7A5D8700B84303 /* GiantBomb.xcdatamodeld */ = {
			isa = XCVersionGroup;
			children = (
				DF47F9F31E7A5D8700B84303 /* GiantBomb.xcdatamodel */,
			);
			currentVersion = DF47F9F31E7A5D8700B84303 /* GiantBomb.xcdatamodel */;
			path = GiantBomb.xcdatamodeld;
			sourceTree = "<group>";
			versionGroupType = wrapper.xcdatamodel;
		};
/* End XCVersionGroup section */
	};
	rootObject = DF47F9E01E7A5D8700B84303 /* Project object */;
}
